
Microsoft Visual Studio Solution File, Format Version 11.00
# Visual Studio 2010
Project("{FAE04EC0-301F-11D3-BF4B-00C04F79EFBC}") = "BP", "BP.csproj", "{62A74CAA-38A4-4749-B4FA-1584F4E00BC9}"
EndProject
Project("{FAE04EC0-301F-11D3-BF4B-00C04F79EFBC}") = "BP.Tests", "..\BP.Tests\BP.Tests.csproj", "{EEDDF3F2-C072-4F32-8E45-E2BEDDBF3D78}"
EndProject
Project("{FAE04EC0-301F-11D3-BF4B-00C04F79EFBC}") = "BP.Domain", "..\BP.Domain\BP.Domain.csproj", "{2B22C75F-27C9-4C97-A74E-A7E98B6E5133}"
EndProject
Global
	GlobalSection(SolutionConfigurationPlatforms) = preSolution
		Debug|Any CPU = Debug|Any CPU
		Release|Any CPU = Release|Any CPU
	EndGlobalSection
	GlobalSection(ProjectConfigurationPlatforms) = postSolution
		{62A74CAA-38A4-4749-B4FA-1584F4E00BC9}.Debug|Any CPU.ActiveCfg = Debug|Any CPU
		{62A74CAA-38A4-4749-B4FA-1584F4E00BC9}.Debug|Any CPU.Build.0 = Debug|Any CPU
		{62A74CAA-38A4-4749-B4FA-1584F4E00BC9}.Release|Any CPU.ActiveCfg = Release|Any CPU
		{62A74CAA-38A4-4749-B4FA-1584F4E00BC9}.Release|Any CPU.Build.0 = Release|Any CPU
		{EEDDF3F2-C072-4F32-8E45-E2BEDDBF3D78}.Debug|Any CPU.ActiveCfg = Debug|Any CPU
		{EEDDF3F2-C072-4F32-8E45-E2BEDDBF3D78}.Debug|Any CPU.Build.0 = Debug|Any CPU
		{EEDDF3F2-C072-4F32-8E45-E2BEDDBF3D78}.Release|Any CPU.ActiveCfg = Release|Any CPU
		{EEDDF3F2-C072-4F32-8E45-E2BEDDBF3D78}.Release|Any CPU.Build.0 = Release|Any CPU
		{2B22C75F-27C9-4C97-A74E-A7E98B6E5133}.Debug|Any CPU.ActiveCfg = Debug|Any CPU
		{2B22C75F-27C9-4C97-A74E-A7E98B6E5133}.Debug|Any CPU.Build.0 = Debug|Any CPU
		{2B22C75F-27C9-4C97-A74E-A7E98B6E5133}.Release|Any CPU.ActiveCfg = Release|Any CPU
		{2B22C75F-27C9-4C97-A74E-A7E98B6E5133}.Release|Any CPU.Build.0 = Release|Any CPU
	EndGlobalSection
	GlobalSection(SolutionProperties) = preSolution
		HideSolutionNode = FALSE
	EndGlobalSection
EndGlobal
